
Microsoft Visual Studio Solution File, Format Version 12.00
# Visual Studio 15
VisualStudioVersion = 15.0.26228.4
MinimumVisualStudioVersion = 10.0.40219.1
Project("{2150E333-8FDC-42A3-9474-1A3956D46DE8}") = "core", "core", "{07FD6EAA-5F1C-456C-A3E2-57CCAA7570C6}"
EndProject
Project("{2150E333-8FDC-42A3-9474-1A3956D46DE8}") = "tests", "tests", "{80ABDD52-98A6-482E-947B-FE628B878D41}"
EndProject
Project("{2150E333-8FDC-42A3-9474-1A3956D46DE8}") = "integration", "integration", "{E17528EB-2DC0-4933-BC32-686D7B1F4FAF}"
EndProject
Project("{2150E333-8FDC-42A3-9474-1A3956D46DE8}") = "unit", "unit", "{67003B1B-E7C5-4129-8C58-1114BBA5CB67}"
EndProject
Project("{FAE04EC0-301F-11D3-BF4B-00C04F79EFBC}") = "Omego.Extensions.Tests.Integration", "tests\integration\Omego.Extensions.Tests.Integration\Omego.Extensions.Tests.Integration.csproj", "{5D12A9D7-896F-4B34-99BD-97136BD64E9D}"
EndProject
Project("{FAE04EC0-301F-11D3-BF4B-00C04F79EFBC}") = "Omego.Extensions.Tests.Unit", "tests\unit\Omego.Extensions.Tests.Unit\Omego.Extensions.Tests.Unit.csproj", "{605311DB-6CE6-4DE2-A498-E7941BDECEF5}"
EndProject
Project("{FAE04EC0-301F-11D3-BF4B-00C04F79EFBC}") = "Omego.Extensions", "core\Omego.Extensions\Omego.Extensions.csproj", "{0A4AA2CC-7029-4CBD-A8CB-B7288B14FE36}"
EndProject
Global
	GlobalSection(SolutionConfigurationPlatforms) = preSolution
		Debug|Any CPU = Debug|Any CPU
		Release|Any CPU = Release|Any CPU
	EndGlobalSection
	GlobalSection(ProjectConfigurationPlatforms) = postSolution
		{5D12A9D7-896F-4B34-99BD-97136BD64E9D}.Debug|Any CPU.ActiveCfg = Debug|Any CPU
		{5D12A9D7-896F-4B34-99BD-97136BD64E9D}.Debug|Any CPU.Build.0 = Debug|Any CPU
		{5D12A9D7-896F-4B34-99BD-97136BD64E9D}.Release|Any CPU.ActiveCfg = Release|Any CPU
		{5D12A9D7-896F-4B34-99BD-97136BD64E9D}.Release|Any CPU.Build.0 = Release|Any CPU
		{605311DB-6CE6-4DE2-A498-E7941BDECEF5}.Debug|Any CPU.ActiveCfg = Debug|Any CPU
		{605311DB-6CE6-4DE2-A498-E7941BDECEF5}.Debug|Any CPU.Build.0 = Debug|Any CPU
		{605311DB-6CE6-4DE2-A498-E7941BDECEF5}.Release|Any CPU.ActiveCfg = Release|Any CPU
		{605311DB-6CE6-4DE2-A498-E7941BDECEF5}.Release|Any CPU.Build.0 = Release|Any CPU
		{0A4AA2CC-7029-4CBD-A8CB-B7288B14FE36}.Debug|Any CPU.ActiveCfg = Debug|Any CPU
		{0A4AA2CC-7029-4CBD-A8CB-B7288B14FE36}.Debug|Any CPU.Build.0 = Debug|Any CPU
		{0A4AA2CC-7029-4CBD-A8CB-B7288B14FE36}.Release|Any CPU.ActiveCfg = Release|Any CPU
		{0A4AA2CC-7029-4CBD-A8CB-B7288B14FE36}.Release|Any CPU.Build.0 = Release|Any CPU
	EndGlobalSection
	GlobalSection(SolutionProperties) = preSolution
		HideSolutionNode = FALSE
	EndGlobalSection
	GlobalSection(NestedProjects) = preSolution
		{E17528EB-2DC0-4933-BC32-686D7B1F4FAF} = {80ABDD52-98A6-482E-947B-FE628B878D41}
		{67003B1B-E7C5-4129-8C58-1114BBA5CB67} = {80ABDD52-98A6-482E-947B-FE628B878D41}
		{5D12A9D7-896F-4B34-99BD-97136BD64E9D} = {E17528EB-2DC0-4933-BC32-686D7B1F4FAF}
		{605311DB-6CE6-4DE2-A498-E7941BDECEF5} = {67003B1B-E7C5-4129-8C58-1114BBA5CB67}
		{0A4AA2CC-7029-4CBD-A8CB-B7288B14FE36} = {07FD6EAA-5F1C-456C-A3E2-57CCAA7570C6}
	EndGlobalSection
EndGlobal
